[[package]]
name = "azure-devops"
version = "6.0.0b4"
description = "Python wrapper around the Azure DevOps 6.x APIs"
category = "main"
optional = false
python-versions = "*"

[package.dependencies]
msrest = ">=0.6.0,<0.7.0"

[[package]]
name = "blis"
version = "0.7.9"
description = "The Blis BLAS-like linear algebra library, as a self-contained C-extension."
category = "main"
optional = false
python-versions = "*"

[package.dependencies]
numpy = ">=1.15.0"

[[package]]
name = "catalogue"
version = "2.0.8"
description = "Super lightweight function registries for your library"
category = "main"
optional = false
python-versions = ">=3.6"

[[package]]
name = "certifi"
version = "2022.12.7"
description = "Python package for providing Mozilla's CA Bundle."
category = "main"
optional = false
python-versions = ">=3.6"

[[package]]
name = "charset-normalizer"
version = "3.0.1"
description = "The Real First Universal Charset Detector. Open, modern and actively maintained alternative to Chardet."
category = "main"
optional = false
python-versions = "*"

[[package]]
name = "click"
version = "8.1.3"
description = "Composable command line interface toolkit"
category = "main"
optional = false
python-versions = ">=3.7"

[package.dependencies]
colorama = {version = "*", markers = "platform_system == \"Windows\""}

[[package]]
name = "colorama"
version = "0.4.6"
description = "Cross-platform colored terminal text."
category = "main"
optional = false
python-versions = "!=3.0.*,!=3.1.*,!=3.2.*,!=3.3.*,!=3.4.*,!=3.5.*,!=3.6.*,>=2.7"

[[package]]
name = "confection"
version = "0.0.4"
description = "The sweetest config system for Python"
category = "main"
optional = false
python-versions = ">=3.6"

[package.dependencies]
pydantic = ">=1.7.4,<1.8 || >1.8,<1.8.1 || >1.8.1,<1.11.0"
srsly = ">=2.4.0,<3.0.0"

[[package]]
name = "cymem"
version = "2.0.7"
description = "Manage calls to calloc/free through Cython"
category = "main"
optional = false
python-versions = "*"

[[package]]
name = "flask"
version = "2.2.2"
description = "A simple framework for building complex web applications."
category = "main"
optional = false
python-versions = ">=3.7"

[package.dependencies]
click = ">=8.0"
itsdangerous = ">=2.0"
Jinja2 = ">=3.0"
Werkzeug = ">=2.2.2"

[package.extras]
async = ["asgiref (>=3.2)"]
dotenv = ["python-dotenv"]

[[package]]
name = "flask-cors"
version = "3.0.10"
description = "A Flask extension adding a decorator for CORS support"
category = "main"
optional = false
python-versions = "*"

[package.dependencies]
Flask = ">=0.9"
Six = "*"

[[package]]
name = "fuzzywuzzy"
version = "0.18.0"
description = "Fuzzy string matching in python"
category = "main"
optional = false
python-versions = "*"

[package.extras]
speedup = ["python-levenshtein (>=0.12)"]

[[package]]
name = "idna"
version = "3.4"
description = "Internationalized Domain Names in Applications (IDNA)"
category = "main"
optional = false
python-versions = ">=3.5"

[[package]]
name = "isodate"
version = "0.6.1"
description = "An ISO 8601 date/time/duration parser and formatter"
category = "main"
optional = false
python-versions = "*"

[package.dependencies]
six = "*"

[[package]]
name = "itsdangerous"
version = "2.1.2"
description = "Safely pass data to untrusted environments and back."
category = "main"
optional = false
python-versions = ">=3.7"

[[package]]
name = "jinja2"
version = "3.1.2"
description = "A very fast and expressive template engine."
category = "main"
optional = false
python-versions = ">=3.7"

[package.dependencies]
MarkupSafe = ">=2.0"

[package.extras]
i18n = ["Babel (>=2.7)"]

[[package]]
name = "joblib"
version = "1.2.0"
description = "Lightweight pipelining with Python functions"
category = "main"
optional = false
python-versions = ">=3.7"

[[package]]
name = "langcodes"
version = "3.3.0"
description = "Tools for labeling human languages with IETF language tags"
category = "main"
optional = false
python-versions = ">=3.6"

[package.extras]
data = ["language-data (>=1.1,<2.0)"]

[[package]]
name = "markupsafe"
version = "2.1.2"
description = "Safely add untrusted strings to HTML/XML markup."
category = "main"
optional = false
python-versions = ">=3.7"

[[package]]
name = "msrest"
version = "0.6.21"
description = "AutoRest swagger generator Python client runtime."
category = "main"
optional = false
python-versions = "*"

[package.dependencies]
certifi = ">=2017.4.17"
isodate = ">=0.6.0"
requests = ">=2.16,<3.0"
requests-oauthlib = ">=0.5.0"

[package.extras]
async = ["aiohttp (>=3.0)", "aiodns"]

[[package]]
name = "murmurhash"
version = "1.0.9"
description = "Cython bindings for MurmurHash"
category = "main"
optional = false
python-versions = ">=3.6"

[[package]]
name = "nltk"
version = "3.8.1"
description = "Natural Language Toolkit"
category = "main"
optional = false
python-versions = ">=3.7"

[package.dependencies]
click = "*"
joblib = "*"
regex = ">=2021.8.3"
tqdm = "*"

[package.extras]
all = ["scikit-learn", "python-crfsuite", "requests", "numpy", "pyparsing", "twython", "scipy", "matplotlib"]
corenlp = ["requests"]
machine_learning = ["numpy", "python-crfsuite", "scikit-learn", "scipy"]
plot = ["matplotlib"]
tgrep = ["pyparsing"]
twitter = ["twython"]

[[package]]
name = "numpy"
version = "1.24.2"
description = "Fundamental package for array computing in Python"
category = "main"
optional = false
python-versions = ">=3.8"

[[package]]
name = "oauthlib"
version = "3.2.2"
description = "A generic, spec-compliant, thorough implementation of the OAuth request-signing logic"
category = "main"
optional = false
python-versions = ">=3.6"

[package.extras]
rsa = ["cryptography (>=3.0.0)"]
signals = ["blinker (>=1.4.0)"]
signedtoken = ["cryptography (>=3.0.0)", "pyjwt (>=2.0.0,<3)"]

[[package]]
name = "packaging"
version = "23.0"
description = "Core utilities for Python packages"
category = "main"
optional = false
python-versions = ">=3.7"

[[package]]
name = "pandas"
version = "1.5.3"
description = "Powerful data structures for data analysis, time series, and statistics"
category = "main"
optional = false
python-versions = ">=3.8"

[package.dependencies]
numpy = [
    {version = ">=1.21.0", markers = "python_version >= \"3.10\""},
    {version = ">=1.23.2", markers = "python_version >= \"3.11\""},
]
python-dateutil = ">=2.8.1"
pytz = ">=2020.1"

[package.extras]
test = ["hypothesis (>=5.5.3)", "pytest (>=6.0)", "pytest-xdist (>=1.31)"]

[[package]]
name = "pathy"
version = "0.10.1"
description = "pathlib.Path subclasses for local and cloud bucket storage"
category = "main"
optional = false
python-versions = ">= 3.6"

[package.dependencies]
smart-open = ">=5.2.1,<7.0.0"
typer = ">=0.3.0,<1.0.0"

[package.extras]
all = ["google-cloud-storage (>=1.26.0,<2.0.0)", "boto3", "azure-storage-blob", "pytest", "pytest-coverage", "mock", "typer-cli"]
azure = ["azure-storage-blob"]
gcs = ["google-cloud-storage (>=1.26.0,<2.0.0)"]
s3 = ["boto3"]
test = ["pytest", "pytest-coverage", "mock", "typer-cli"]

[[package]]
name = "preshed"
version = "3.0.8"
description = "Cython hash table that trusts the keys are pre-hashed"
category = "main"
optional = false
python-versions = ">=3.6"

[package.dependencies]
cymem = ">=2.0.2,<2.1.0"
murmurhash = ">=0.28.0,<1.1.0"

[[package]]
name = "pydantic"
version = "1.10.4"
description = "Data validation and settings management using python type hints"
category = "main"
optional = false
python-versions = ">=3.7"

[package.dependencies]
typing-extensions = ">=4.2.0"

[package.extras]
dotenv = ["python-dotenv (>=0.10.4)"]
email = ["email-validator (>=1.0.3)"]

[[package]]
name = "python-dateutil"
version = "2.8.2"
description = "Extensions to the standard Python datetime module"
category = "main"
optional = false
python-versions = "!=3.0.*,!=3.1.*,!=3.2.*,>=2.7"

[package.dependencies]
six = ">=1.5"

[[package]]
name = "pytz"
version = "2022.7.1"
description = "World timezone definitions, modern and historical"
category = "main"
optional = false
python-versions = "*"

[[package]]
name = "regex"
version = "2022.10.31"
description = "Alternative regular expression module, to replace re."
category = "main"
optional = false
python-versions = ">=3.6"

[[package]]
name = "requests"
version = "2.28.2"
description = "Python HTTP for Humans."
category = "main"
optional = false
python-versions = ">=3.7, <4"

[package.dependencies]
certifi = ">=2017.4.17"
charset-normalizer = ">=2,<4"
idna = ">=2.5,<4"
urllib3 = ">=1.21.1,<1.27"

[package.extras]
socks = ["PySocks (>=1.5.6,!=1.5.7)"]
use_chardet_on_py3 = ["chardet (>=3.0.2,<6)"]

[[package]]
name = "requests-oauthlib"
version = "1.3.1"
description = "OAuthlib authentication support for Requests."
category = "main"
optional = false
python-versions = ">=2.7, !=3.0.*, !=3.1.*, !=3.2.*, !=3.3.*"

[package.dependencies]
oauthlib = ">=3.0.0"
requests = ">=2.0.0"

[package.extras]
rsa = ["oauthlib[signedtoken] (>=3.0.0)"]

[[package]]
name = "six"
version = "1.16.0"
description = "Python 2 and 3 compatibility utilities"
category = "main"
optional = false
python-versions = ">=2.7, !=3.0.*, !=3.1.*, !=3.2.*"

[[package]]
name = "smart-open"
version = "6.3.0"
description = "Utils for streaming large files (S3, HDFS, GCS, Azure Blob Storage, gzip, bz2...)"
category = "main"
optional = false
python-versions = ">=3.6,<4.0"

[package.extras]
all = ["boto3", "google-cloud-storage (>=2.6.0)", "azure-storage-blob", "azure-common", "azure-core", "requests", "paramiko"]
azure = ["azure-storage-blob", "azure-common", "azure-core"]
gcs = ["google-cloud-storage (>=2.6.0)"]
http = ["requests"]
s3 = ["boto3"]
ssh = ["paramiko"]
test = ["boto3", "google-cloud-storage (>=2.6.0)", "azure-storage-blob", "azure-common", "azure-core", "requests", "paramiko", "moto", "responses", "pytest", "pytest-rerunfailures"]
webhdfs = ["requests"]

[[package]]
name = "spacy"
version = "3.5.0"
description = "Industrial-strength Natural Language Processing (NLP) in Python"
category = "main"
optional = false
python-versions = ">=3.6"

[package.dependencies]
catalogue = ">=2.0.6,<2.1.0"
cymem = ">=2.0.2,<2.1.0"
jinja2 = "*"
langcodes = ">=3.2.0,<4.0.0"
murmurhash = ">=0.28.0,<1.1.0"
numpy = ">=1.15.0"
packaging = ">=20.0"
pathy = ">=0.10.0"
preshed = ">=3.0.2,<3.1.0"
pydantic = ">=1.7.4,<1.8 || >1.8,<1.8.1 || >1.8.1,<1.11.0"
requests = ">=2.13.0,<3.0.0"
smart-open = ">=5.2.1,<7.0.0"
spacy-legacy = ">=3.0.11,<3.1.0"
spacy-loggers = ">=1.0.0,<2.0.0"
srsly = ">=2.4.3,<3.0.0"
thinc = ">=8.1.0,<8.2.0"
tqdm = ">=4.38.0,<5.0.0"
typer = ">=0.3.0,<0.8.0"
wasabi = ">=0.9.1,<1.2.0"

[package.extras]
apple = ["thinc-apple-ops (>=0.1.0.dev0,<1.0.0)"]
cuda = ["cupy (>=5.0.0b4,<12.0.0)"]
cuda-autodetect = ["cupy-wheel (>=11.0.0,<12.0.0)"]
cuda100 = ["cupy-cuda100 (>=5.0.0b4,<12.0.0)"]
cuda101 = ["cupy-cuda101 (>=5.0.0b4,<12.0.0)"]
cuda102 = ["cupy-cuda102 (>=5.0.0b4,<12.0.0)"]
cuda110 = ["cupy-cuda110 (>=5.0.0b4,<12.0.0)"]
cuda111 = ["cupy-cuda111 (>=5.0.0b4,<12.0.0)"]
cuda112 = ["cupy-cuda112 (>=5.0.0b4,<12.0.0)"]
cuda113 = ["cupy-cuda113 (>=5.0.0b4,<12.0.0)"]
cuda114 = ["cupy-cuda114 (>=5.0.0b4,<12.0.0)"]
cuda115 = ["cupy-cuda115 (>=5.0.0b4,<12.0.0)"]
cuda116 = ["cupy-cuda116 (>=5.0.0b4,<12.0.0)"]
cuda117 = ["cupy-cuda117 (>=5.0.0b4,<12.0.0)"]
cuda11x = ["cupy-cuda11x (>=11.0.0,<12.0.0)"]
cuda80 = ["cupy-cuda80 (>=5.0.0b4,<12.0.0)"]
cuda90 = ["cupy-cuda90 (>=5.0.0b4,<12.0.0)"]
cuda91 = ["cupy-cuda91 (>=5.0.0b4,<12.0.0)"]
cuda92 = ["cupy-cuda92 (>=5.0.0b4,<12.0.0)"]
ja = ["sudachipy (>=0.5.2,!=0.6.1)", "sudachidict-core (>=20211220)"]
ko = ["natto-py (>=0.9.0)"]
lookups = ["spacy-lookups-data (>=1.0.3,<1.1.0)"]
ray = ["spacy-ray (>=0.1.0,<1.0.0)"]
th = ["pythainlp (>=2.0)"]
transformers = ["spacy-transformers (>=1.1.2,<1.3.0)"]

[[package]]
name = "spacy-legacy"
version = "3.0.12"
description = "Legacy registered functions for spaCy backwards compatibility"
category = "main"
optional = false
python-versions = ">=3.6"

[[package]]
name = "spacy-loggers"
version = "1.0.4"
description = "Logging utilities for SpaCy"
category = "main"
optional = false
python-versions = ">=3.6"

[[package]]
name = "srsly"
version = "2.4.5"
description = "Modern high-performance serialization utilities for Python"
category = "main"
optional = false
python-versions = ">=3.6"

[package.dependencies]
catalogue = ">=2.0.3,<2.1.0"

[[package]]
name = "thinc"
version = "8.1.7"
description = "A refreshing functional take on deep learning, compatible with your favorite libraries"
category = "main"
optional = false
python-versions = ">=3.6"

[package.dependencies]
blis = ">=0.7.8,<0.8.0"
catalogue = ">=2.0.4,<2.1.0"
confection = ">=0.0.1,<1.0.0"
cymem = ">=2.0.2,<2.1.0"
murmurhash = ">=1.0.2,<1.1.0"
numpy = ">=1.15.0"
packaging = ">=20.0"
preshed = ">=3.0.2,<3.1.0"
pydantic = ">=1.7.4,<1.8 || >1.8,<1.8.1 || >1.8.1,<1.11.0"
srsly = ">=2.4.0,<3.0.0"
wasabi = ">=0.8.1,<1.2.0"

[package.extras]
cuda = ["cupy (>=5.0.0b4)"]
cuda-autodetect = ["cupy-wheel (>=11.0.0)"]
cuda100 = ["cupy-cuda100 (>=5.0.0b4)"]
cuda101 = ["cupy-cuda101 (>=5.0.0b4)"]
cuda102 = ["cupy-cuda102 (>=5.0.0b4)"]
cuda110 = ["cupy-cuda110 (>=5.0.0b4)"]
cuda111 = ["cupy-cuda111 (>=5.0.0b4)"]
cuda112 = ["cupy-cuda112 (>=5.0.0b4)"]
cuda113 = ["cupy-cuda113 (>=5.0.0b4)"]
cuda114 = ["cupy-cuda114 (>=5.0.0b4)"]
cuda115 = ["cupy-cuda115 (>=5.0.0b4)"]
cuda116 = ["cupy-cuda116 (>=5.0.0b4)"]
cuda117 = ["cupy-cuda117 (>=5.0.0b4)"]
cuda11x = ["cupy-cuda11x (>=11.0.0)"]
cuda80 = ["cupy-cuda80 (>=5.0.0b4)"]
cuda90 = ["cupy-cuda90 (>=5.0.0b4)"]
cuda91 = ["cupy-cuda91 (>=5.0.0b4)"]
cuda92 = ["cupy-cuda92 (>=5.0.0b4)"]
datasets = ["ml-datasets (>=0.2.0,<0.3.0)"]
mxnet = ["mxnet (>=1.5.1,<1.6.0)"]
tensorflow = ["tensorflow (>=2.0.0,<2.6.0)"]
torch = ["torch (>=1.6.0)"]

[[package]]
name = "tqdm"
version = "4.64.1"
description = "Fast, Extensible Progress Meter"
category = "main"
optional = false
python-versions = "!=3.0.*,!=3.1.*,!=3.2.*,!=3.3.*,>=2.7"

[package.dependencies]
colorama = {version = "*", markers = "platform_system == \"Windows\""}

[package.extras]
dev = ["py-make (>=0.1.0)", "twine", "wheel"]
notebook = ["ipywidgets (>=6)"]
slack = ["slack-sdk"]
telegram = ["requests"]

[[package]]
name = "typer"
version = "0.7.0"
description = "Typer, build great CLIs. Easy to code. Based on Python type hints."
category = "main"
optional = false
python-versions = ">=3.6"

[package.dependencies]
click = ">=7.1.1,<9.0.0"

[package.extras]
all = ["colorama (>=0.4.3,<0.5.0)", "shellingham (>=1.3.0,<2.0.0)", "rich (>=10.11.0,<13.0.0)"]
dev = ["autoflake (>=1.3.1,<2.0.0)", "flake8 (>=3.8.3,<4.0.0)", "pre-commit (>=2.17.0,<3.0.0)"]
doc = ["mkdocs (>=1.1.2,<2.0.0)", "mkdocs-material (>=8.1.4,<9.0.0)", "mdx-include (>=1.4.1,<2.0.0)", "pillow (>=9.3.0,<10.0.0)", "cairosvg (>=2.5.2,<3.0.0)"]
test = ["shellingham (>=1.3.0,<2.0.0)", "pytest (>=4.4.0,<8.0.0)", "pytest-cov (>=2.10.0,<5.0.0)", "coverage (>=6.2,<7.0)", "pytest-xdist (>=1.32.0,<4.0.0)", "pytest-sugar (>=0.9.4,<0.10.0)", "mypy (==0.910)", "black (>=22.3.0,<23.0.0)", "isort (>=5.0.6,<6.0.0)", "rich (>=10.11.0,<13.0.0)"]

[[package]]
name = "typing-extensions"
version = "4.4.0"
description = "Backported and Experimental Type Hints for Python 3.7+"
category = "main"
optional = false
python-versions = ">=3.7"

[[package]]
name = "urllib3"
version = "1.26.14"
description = "HTTP library with thread-safe connection pooling, file post, and more."
category = "main"
optional = false
python-versions = ">=2.7, !=3.0.*, !=3.1.*, !=3.2.*, !=3.3.*, !=3.4.*, !=3.5.*"

[package.extras]
brotli = ["brotlicffi (>=0.8.0)", "brotli (>=1.0.9)", "brotlipy (>=0.6.0)"]
secure = ["pyOpenSSL (>=0.14)", "cryptography (>=1.3.4)", "idna (>=2.0.0)", "certifi", "urllib3-secure-extra", "ipaddress"]
socks = ["PySocks (>=1.5.6,!=1.5.7,<2.0)"]

[[package]]
name = "wasabi"
version = "1.1.1"
description = "A lightweight console printing and formatting toolkit"
category = "main"
optional = false
python-versions = ">=3.6"

[package.dependencies]
colorama = {version = ">=0.4.6", markers = "sys_platform == \"win32\" and python_version >= \"3.7\""}

[[package]]
name = "werkzeug"
version = "2.2.2"
description = "The comprehensive WSGI web application library."
category = "main"
optional = false
python-versions = ">=3.7"

[package.dependencies]
MarkupSafe = ">=2.1.1"

[package.extras]
watchdog = ["watchdog"]

[metadata]
lock-version = "1.1"
python-versions = "^3.10"
content-hash = "9faebc5bb58aeb097d2807f316c00f3c0dc3ee4d735aa47a049ddf5b789d34c5"

[metadata.files]
azure-devops = []
blis = []
catalogue = []
certifi = []
charset-normalizer = []
click = []
colorama = []
confection = []
cymem = []
flask = []
flask-cors = []
fuzzywuzzy = []
idna = []
isodate = []
itsdangerous = []
jinja2 = []
joblib = []
langcodes = []
markupsafe = []
msrest = []
murmurhash = []
nltk = []
numpy = []
oauthlib = []
packaging = []
pandas = []
pathy = []
preshed = []
pydantic = []
python-dateutil = []
pytz = []
regex = []
requests = []
requests-oauthlib = []
six = []
smart-open = []
spacy = []
spacy-legacy = []
spacy-loggers = []
srsly = []
thinc = []
tqdm = []
typer = []
typing-extensions = []
urllib3 = []
wasabi = []
werkzeug = []
